{
  "nodes": {
    "fenix": {
      "inputs": {
        "nixpkgs": "nixpkgs",
        "rust-analyzer-src": "rust-analyzer-src"
      },
      "locked": {
        "lastModified": 1734935689,
        "narHash": "sha256-yl/iko/0pvRN3PF6Z4FjQeb6AuGiavMENEisQWJ78h0=",
        "owner": "nix-community",
        "repo": "fenix",
        "rev": "30616281e9bfe0883acb3369f2b89aad6850706f",
        "type": "github"
      },
      "original": {
        "owner": "nix-community",
        "repo": "fenix",
        "type": "github"
      }
    },
    "flake-utils": {
      "inputs": {
        "systems": "systems"
      },
      "locked": {
        "lastModified": 1731533236,
        "narHash": "sha256-l0KFg5HjrsfsO/JpG+r7fRrqm12kzFHyUHqHCVpMMbI=",
        "owner": "numtide",
        "repo": "flake-utils",
        "rev": "11707dc2f618dd54ca8739b309ec4fc024de578b",
        "type": "github"
      },
      "original": {
        "owner": "numtide",
        "repo": "flake-utils",
        "type": "github"
      }
    },
    "gitignore": {
      "inputs": {
        "nixpkgs": "nixpkgs_2"
      },
      "locked": {
        "lastModified": 1709087332,
        "narHash": "sha256-HG2cCnktfHsKV0s4XW83gU3F57gaTljL9KNSuG6bnQs=",
        "owner": "hercules-ci",
        "repo": "gitignore.nix",
        "rev": "637db329424fd7e46cf4185293b9cc8c88c95394",
        "type": "github"
      },
      "original": {
        "owner": "hercules-ci",
        "repo": "gitignore.nix",
        "type": "github"
      }
    },
    "naersk": {
      "inputs": {
        "nixpkgs": "nixpkgs_3"
      },
      "locked": {
        "lastModified": 1733346208,
        "narHash": "sha256-a4WZp1xQkrnA4BbnKrzJNr+dYoQr5Xneh2syJoddFyE=",
        "owner": "nix-community",
        "repo": "naersk",
        "rev": "378614f37a6bee5a3f2ef4f825a73d948d3ae921",
        "type": "github"
      },
      "original": {
        "owner": "nix-community",
        "repo": "naersk",
        "type": "github"
      }
    },
    "nixpkgs": {
      "locked": {
        "lastModified": 1734649271,
        "narHash": "sha256-4EVBRhOjMDuGtMaofAIqzJbg4Ql7Ai0PSeuVZTHjyKQ=",
        "owner": "nixos",
        "repo": "nixpkgs",
        "rev": "d70bd19e0a38ad4790d3913bf08fcbfc9eeca507",
        "type": "github"
      },
      "original": {
        "owner": "nixos",
        "ref": "nixos-unstable",
        "repo": "nixpkgs",
        "type": "github"
      }
    },
    "nixpkgs_2": {
      "locked": {
        "lastModified": 1666603677,
        "narHash": "sha256-apAEIj+z1iwMaMJ4tB21r/VTetfGDLDzuhXRHJknIAU=",
        "owner": "NixOS",
        "repo": "nixpkgs",
        "rev": "074da18a72269cc5a6cf444dce42daea5649b2fe",
        "type": "github"
      },
      "original": {
        "id": "nixpkgs",
        "type": "indirect"
      }
    },
    "nixpkgs_3": {
      "locked": {
        "lastModified": 0,
        "narHash": "sha256-+5qdtgXceqhK5ZR1YbP1fAUsweBIrhL38726oIEAtDs=",
        "path": "/nix/store/w5fqkpwgg6q0iw7c5sd9nab8dq94wapk-source",
        "type": "path"
      },
      "original": {
        "id": "nixpkgs",
        "type": "indirect"
      }
    },
    "nixpkgs_4": {
      "locked": {
        "lastModified": 1734875076,
        "narHash": "sha256-Pzyb+YNG5u3zP79zoi8HXYMs15Q5dfjDgwCdUI5B0nY=",
        "owner": "nixos",
        "repo": "nixpkgs",
        "rev": "1807c2b91223227ad5599d7067a61665c52d1295",
        "type": "github"
      },
      "original": {
        "owner": "nixos",
        "ref": "nixos-24.11",
        "repo": "nixpkgs",
        "type": "github"
      }
    },
    "root": {
      "inputs": {
        "fenix": "fenix",
        "flake-utils": "flake-utils",
        "gitignore": "gitignore",
        "naersk": "naersk",
        "nixpkgs": "nixpkgs_4"
      }
    },
    "rust-analyzer-src": {
      "flake": false,
      "locked": {
        "lastModified": 1734874959,
        "narHash": "sha256-NlsVD/fI32wsHFua9Xvc7IFHCUpQIOs6D6RS/3AhMT8=",
        "owner": "rust-lang",
        "repo": "rust-analyzer",
        "rev": "fa4a40bbe867ed54f5a7c905b591fd7d60ba35eb",
        "type": "github"
      },
      "original": {
        "owner": "rust-lang",
        "ref": "nightly",
        "repo": "rust-analyzer",
        "type": "github"
      }
    },
    "systems": {
      "locked": {
        "lastModified": 1681028828,
        "narHash": "sha256-Vy1rq5AaRuLzOxct8nz4T6wlgyUR7zLU309k9mBC768=",
        "owner": "nix-systems",
        "repo": "default",
        "rev": "da67096a3b9bf56a91d16901293e51ba5b49a27e",
        "type": "github"
      },
      "original": {
        "owner": "nix-systems",
        "repo": "default",
        "type": "github"
      }
    }
  },
  "root": "root",
  "version": 7
}
